
Microsoft Visual Studio Solution File, Format Version 12.00
# Visual Studio 15
Project("{FAE04EC0-301F-11D3-BF4B-00C04F79EFBC}") = "Problem1", "..\Problem1_TwoSums\Problem1\Problem1.csproj", "{76634B39-1673-48FB-A704-CD0DCB69B343}"
EndProject
Project("{FAE04EC0-301F-11D3-BF4B-00C04F79EFBC}") = "Problem1_Tests", "..\Problem1_TwoSums\Problem1_Tests\Problem1_Tests.csproj", "{0020E874-77A9-40F8-A6B8-616DF8EF4D6E}"
EndProject
Global
	GlobalSection(SolutionConfigurationPlatforms) = preSolution
		Debug|Any CPU = Debug|Any CPU
		Release|Any CPU = Release|Any CPU
	EndGlobalSection
	GlobalSection(ProjectConfigurationPlatforms) = postSolution
		{76634B39-1673-48FB-A704-CD0DCB69B343}.Debug|Any CPU.ActiveCfg = Debug|Any CPU
		{76634B39-1673-48FB-A704-CD0DCB69B343}.Debug|Any CPU.Build.0 = Debug|Any CPU
		{76634B39-1673-48FB-A704-CD0DCB69B343}.Release|Any CPU.ActiveCfg = Release|Any CPU
		{76634B39-1673-48FB-A704-CD0DCB69B343}.Release|Any CPU.Build.0 = Release|Any CPU
		{0020E874-77A9-40F8-A6B8-616DF8EF4D6E}.Debug|Any CPU.ActiveCfg = Debug|Any CPU
		{0020E874-77A9-40F8-A6B8-616DF8EF4D6E}.Debug|Any CPU.Build.0 = Debug|Any CPU
		{0020E874-77A9-40F8-A6B8-616DF8EF4D6E}.Release|Any CPU.ActiveCfg = Release|Any CPU
		{0020E874-77A9-40F8-A6B8-616DF8EF4D6E}.Release|Any CPU.Build.0 = Release|Any CPU
	EndGlobalSection
	GlobalSection(MonoDevelopProperties) = preSolution
		BaseDirectory = ../Problem1_TwoSums
	EndGlobalSection
EndGlobal
